// !$*UTF8*$!
{
	archiveVersion = 1;
	classes = {
	};
	objectVersion = 46;
	objects = {

/* Begin PBXBuildFile section */
		F74ACC261D88726600529570 /* main.m in Sources */ = {isa = PBXBuildFile; fileRef = F74ACC251D88726600529570 /* main.m */; };
		F74ACC291D88726600529570 /* AppDelegate.m in Sources */ = {isa = PBXBuildFile; fileRef = F74ACC281D88726600529570 /* AppDelegate.m */; };
		F74ACC2F1D88726600529570 /* Main.storyboard in Resources */ = {isa = PBXBuildFile; fileRef = F74ACC2D1D88726600529570 /* Main.storyboard */; };
		F74ACC311D88726600529570 /* Assets.xcassets in Resources */ = {isa = PBXBuildFile; fileRef = F74ACC301D88726600529570 /* Assets.xcassets */; };
		F74ACC341D88726600529570 /* LaunchScreen.storyboard in Resources */ = {isa = PBXBuildFile; fileRef = F74ACC321D88726600529570 /* LaunchScreen.storyboard */; };
		F74ACC401D88741900529570 /* ItemsViewController.m in Sources */ = {isa = PBXBuildFile; fileRef = F74ACC3F1D88741900529570 /* ItemsViewController.m */; };
		F74ACC431D88754000529570 /* Item.m in Sources */ = {isa = PBXBuildFile; fileRef = F74ACC421D88754000529570 /* Item.m */; };
/* End PBXBuildFile section */

/* Begin PBXFileReference section */
		F74ACC211D88726600529570 /* Homepwner.app */ = {isa = PBXFileReference; explicitFileType = wrapper.application; includeInIndex = 0; path = Homepwner.app; sourceTree = BUILT_PRODUCTS_DIR; };
		F74ACC251D88726600529570 /* main.m */ = {isa = PBXFileReference; lastKnownFileType = sourcecode.c.objc; path = main.m; sourceTree = "<group>"; };
		F74ACC271D88726600529570 /* AppDelegate.h */ = {isa = PBXFileReference; lastKnownFileType = sourcecode.c.h; path = AppDelegate.h; sourceTree = "<group>"; };
		F74ACC281D88726600529570 /* AppDelegate.m */ = {isa = PBXFileReference; lastKnownFileType = sourcecode.c.objc; path = AppDelegate.m; sourceTree = "<group>"; };
		F74ACC2E1D88726600529570 /* Base */ = {isa = PBXFileReference; lastKnownFileType = file.storyboard; name = Base; path = Base.lproj/Main.storyboard; sourceTree = "<group>"; };
		F74ACC301D88726600529570 /* Assets.xcassets */ = {isa = PBXFileReference; lastKnownFileType = folder.assetcatalog; path = Assets.xcassets; sourceTree = "<group>"; };
		F74ACC331D88726600529570 /* Base */ = {isa = PBXFileReference; lastKnownFileType = file.storyboard; name = Base; path = Base.lproj/LaunchScreen.storyboard; sourceTree = "<group>"; };
		F74ACC351D88726600529570 /* Info.plist */ = {isa = PBXFileReference; lastKnownFileType = text.plist.xml; path = Info.plist; sourceTree = "<group>"; };
		F74ACC3B1D8873E700529570 /* Homepwner-Bridging-Header.h */ = {isa = PBXFileReference; lastKnownFileType = sourcecode.c.h; path = "Homepwner-Bridging-Header.h"; sourceTree = "<group>"; };
		F74ACC3E1D88741900529570 /* ItemsViewController.h */ = {isa = PBXFileReference; fileEncoding = 4; lastKnownFileType = sourcecode.c.h; name = ItemsViewController.h; path = ../ItemsViewController.h; sourceTree = "<group>"; };
		F74ACC3F1D88741900529570 /* ItemsViewController.m */ = {isa = PBXFileReference; fileEncoding = 4; lastKnownFileType = sourcecode.c.objc; name = ItemsViewController.m; path = ../ItemsViewController.m; sourceTree = "<group>"; };
		F74ACC411D88754000529570 /* Item.h */ = {isa = PBXFileReference; fileEncoding = 4; lastKnownFileType = sourcecode.c.h; name = Item.h; path = ../Item.h; sourceTree = "<group>"; };
		F74ACC421D88754000529570 /* Item.m */ = {isa = PBXFileReference; fileEncoding = 4; lastKnownFileType = sourcecode.c.objc; name = Item.m; path = ../Item.m; sourceTree = "<group>"; };
/* End PBXFileReference section */

/* Begin PBXFrameworksBuildPhase section */
		F74ACC1E1D88726600529570 /* Frameworks */ = {
			isa = PBXFrameworksBuildPhase;
			buildActionMask = 2147483647;
			files = (
			);
			runOnlyForDeploymentPostprocessing = 0;
		};
/* End PBXFrameworksBuildPhase section */

/* Begin PBXGroup section */
		F74ACC181D88726600529570 = {
			isa = PBXGroup;
			children = (
				F74ACC231D88726600529570 /* Homepwner */,
				F74ACC221D88726600529570 /* Products */,
				F74ACC3B1D8873E700529570 /* Homepwner-Bridging-Header.h */,
			);
			sourceTree = "<group>";
		};
		F74ACC221D88726600529570 /* Products */ = {
			isa = PBXGroup;
			children = (
				F74ACC211D88726600529570 /* Homepwner.app */,
			);
			name = Products;
			sourceTree = "<group>";
		};
		F74ACC231D88726600529570 /* Homepwner */ = {
			isa = PBXGroup;
			children = (
				F74ACC411D88754000529570 /* Item.h */,
				F74ACC421D88754000529570 /* Item.m */,
				F74ACC271D88726600529570 /* AppDelegate.h */,
				F74ACC281D88726600529570 /* AppDelegate.m */,
				F74ACC3E1D88741900529570 /* ItemsViewController.h */,
				F74ACC3F1D88741900529570 /* ItemsViewController.m */,
				F74ACC2D1D88726600529570 /* Main.storyboard */,
				F74ACC301D88726600529570 /* Assets.xcassets */,
				F74ACC321D88726600529570 /* LaunchScreen.storyboard */,
				F74ACC351D88726600529570 /* Info.plist */,
				F74ACC241D88726600529570 /* Supporting Files */,
			);
			path = Homepwner;
			sourceTree = "<group>";
		};
		F74ACC241D88726600529570 /* Supporting Files */ = {
			isa = PBXGroup;
			children = (
				F74ACC251D88726600529570 /* main.m */,
			);
			name = "Supporting Files";
			sourceTree = "<group>";
		};
/* End PBXGroup section */

/* Begin PBXNativeTarget section */
		F74ACC201D88726600529570 /* Homepwner */ = {
			isa = PBXNativeTarget;
			buildConfigurationList = F74ACC381D88726600529570 /* Build configuration list for PBXNativeTarget "Homepwner" */;
			buildPhases = (
				F74ACC1D1D88726600529570 /* Sources */,
				F74ACC1E1D88726600529570 /* Frameworks */,
				F74ACC1F1D88726600529570 /* Resources */,
			);
			buildRules = (
			);
			dependencies = (
			);
			name = Homepwner;
			productName = Homepwner;
			productReference = F74ACC211D88726600529570 /* Homepwner.app */;
			productType = "com.apple.product-type.application";
		};
/* End PBXNativeTarget section */

/* Begin PBXProject section */
		F74ACC191D88726600529570 /* Project object */ = {
			isa = PBXProject;
			attributes = {
				LastUpgradeCheck = 0800;
				ORGANIZATIONNAME = "Dan Esrey";
				TargetAttributes = {
					F74ACC201D88726600529570 = {
						CreatedOnToolsVersion = 8.0;
						DevelopmentTeam = 6EFGV8H972;
						LastSwiftMigration = 0800;
						ProvisioningStyle = Automatic;
					};
				};
			};
			buildConfigurationList = F74ACC1C1D88726600529570 /* Build configuration list for PBXProject "Homepwner" */;
			compatibilityVersion = "Xcode 3.2";
			developmentRegion = English;
			hasScannedForEncodings = 0;
			knownRegions = (
				en,
				Base,
			);
			mainGroup = F74ACC181D88726600529570;
			productRefGroup = F74ACC221D88726600529570 /* Products */;
			projectDirPath = "";
			projectRoot = "";
			targets = (
				F74ACC201D88726600529570 /* Homepwner */,
			);
		};
/* End PBXProject section */

/* Begin PBXResourcesBuildPhase section */
		F74ACC1F1D88726600529570 /* Resources */ = {
			isa = PBXResourcesBuildPhase;
			buildActionMask = 2147483647;
			files = (
				F74ACC341D88726600529570 /* LaunchScreen.storyboard in Resources */,
				F74ACC311D88726600529570 /* Assets.xcassets in Resources */,
				F74ACC2F1D88726600529570 /* Main.storyboard in Resources */,
			);
			runOnlyForDeploymentPostprocessing = 0;
		};
/* End PBXResourcesBuildPhase section */

/* Begin PBXSourcesBuildPhase section */
		F74ACC1D1D88726600529570 /* Sources */ = {
			isa = PBXSourcesBuildPhase;
			buildActionMask = 2147483647;
			files = (
				F74ACC431D88754000529570 /* Item.m in Sources */,
				F74ACC401D88741900529570 /* ItemsViewController.m in Sources */,
				F74ACC291D88726600529570 /* AppDelegate.m in Sources */,
				F74ACC261D88726600529570 /* main.m in Sources */,
			);
			runOnlyForDeploymentPostprocessing = 0;
		};
/* End PBXSourcesBuildPhase section */

/* Begin PBXVariantGroup section */
		F74ACC2D1D88726600529570 /* Main.storyboard */ = {
			isa = PBXVariantGroup;
			children = (
				F74ACC2E1D88726600529570 /* Base */,
			);
			name = Main.storyboard;
			sourceTree = "<group>";
		};
		F74ACC321D88726600529570 /* LaunchScreen.storyboard */ = {
			isa = PBXVariantGroup;
			children = (
				F74ACC331D88726600529570 /* Base */,
			);
			name = LaunchScreen.storyboard;
			sourceTree = "<group>";
		};
/* End PBXVariantGroup section */

/* Begin XCBuildConfiguration section */
		F74ACC361D88726600529570 /* Debug */ = {
			isa = XCBuildConfiguration;
			buildSettings = {
				ALWAYS_SEARCH_USER_PATHS = NO;
				CLANG_ANALYZER_NONNULL = YES;
				CLANG_CXX_LANGUAGE_STANDARD = "gnu++0x";
				CLANG_CXX_LIBRARY = "libc++";
				CLANG_ENABLE_MODULES = YES;
				CLANG_ENABLE_OBJC_ARC = YES;
				CLANG_WARN_BOOL_CONVERSION = YES;
				CLANG_WARN_CONSTANT_CONVERSION = YES;
				CLANG_WARN_DIRECT_OBJC_ISA_USAGE = YES_ERROR;
				CLANG_WARN_DOCUMENTATION_COMMENTS = YES;
				CLANG_WARN_EMPTY_BODY = YES;
				CLANG_WARN_ENUM_CONVERSION = YES;
				CLANG_WARN_INFINITE_RECURSION = YES;
				CLANG_WARN_INT_CONVERSION = YES;
				CLANG_WARN_OBJC_ROOT_CLASS = YES_ERROR;
				CLANG_WARN_SUSPICIOUS_MOVES = YES;
				CLANG_WARN_UNREACHABLE_CODE = YES;
				CLANG_WARN__DUPLICATE_METHOD_MATCH = YES;
				"CODE_SIGN_IDENTITY[sdk=iphoneos*]" = "iPhone Developer";
				COPY_PHASE_STRIP = NO;
				DEBUG_INFORMATION_FORMAT = dwarf;
				ENABLE_STRICT_OBJC_MSGSEND = YES;
				ENABLE_TESTABILITY = YES;
				GCC_C_LANGUAGE_STANDARD = gnu99;
				GCC_DYNAMIC_NO_PIC = NO;
				GCC_NO_COMMON_BLOCKS = YES;
				GCC_OPTIMIZATION_LEVEL = 0;
				GCC_PREPROCESSOR_DEFINITIONS = (
					"DEBUG=1",
					"$(inherited)",
				);
				GCC_WARN_64_TO_32_BIT_CONVERSION = YES;
				GCC_WARN_ABOUT_RETURN_TYPE = YES_ERROR;
				GCC_WARN_UNDECLARED_SELECTOR = YES;
				GCC_WARN_UNINITIALIZED_AUTOS = YES_AGGRESSIVE;
				GCC_WARN_UNUSED_FUNCTION = YES;
				GCC_WARN_UNUSED_VARIABLE = YES;
				IPHONEOS_DEPLOYMENT_TARGET = 10.0;
				MTL_ENABLE_DEBUG_INFO = YES;
				ONLY_ACTIVE_ARCH = YES;
				SDKROOT = iphoneos;
			};
			name = Debug;
		};
		F74ACC371D88726600529570 /* Release */ = {
			isa = XCBuildConfiguration;
			buildSettings = {
				ALWAYS_SEARCH_USER_PATHS = NO;
				CLANG_ANALYZER_NONNULL = YES;
				CLANG_CXX_LANGUAGE_STANDARD = "gnu++0x";
				CLANG_CXX_LIBRARY = "libc++";
				CLANG_ENABLE_MODULES = YES;
				CLANG_ENABLE_OBJC_ARC = YES;
				CLANG_WARN_BOOL_CONVERSION = YES;
				CLANG_WARN_CONSTANT_CONVERSION = YES;
				CLANG_WARN_DIRECT_OBJC_ISA_USAGE = YES_ERROR;
				CLANG_WARN_DOCUMENTATION_COMMENTS = YES;
				CLANG_WARN_EMPTY_BODY = YES;
				CLANG_WARN_ENUM_CONVERSION = YES;
				CLANG_WARN_INFINITE_RECURSION = YES;
				CLANG_WARN_INT_CONVERSION = YES;
				CLANG_WARN_OBJC_ROOT_CLASS = YES_ERROR;
				CLANG_WARN_SUSPICIOUS_MOVES = YES;
				CLANG_WARN_UNREACHABLE_CODE = YES;
				CLANG_WARN__DUPLICATE_METHOD_MATCH = YES;
				"CODE_SIGN_IDENTITY[sdk=iphoneos*]" = "iPhone Developer";
				COPY_PHASE_STRIP = NO;
				DEBUG_INFORMATION_FORMAT = "dwarf-with-dsym";
				ENABLE_NS_ASSERTIONS = NO;
				ENABLE_STRICT_OBJC_MSGSEND = YES;
				GCC_C_LANGUAGE_STANDARD = gnu99;
				GCC_NO_COMMON_BLOCKS = YES;
				GCC_WARN_64_TO_32_BIT_CONVERSION = YES;
				GCC_WARN_ABOUT_RETURN_TYPE = YES_ERROR;
				GCC_WARN_UNDECLARED_SELECTOR = YES;
				GCC_WARN_UNINITIALIZED_AUTOS = YES_AGGRESSIVE;
				GCC_WARN_UNUSED_FUNCTION = YES;
				GCC_WARN_UNUSED_VARIABLE = YES;
				IPHONEOS_DEPLOYMENT_TARGET = 10.0;
				MTL_ENABLE_DEBUG_INFO = NO;
				SDKROOT = iphoneos;
				VALIDATE_PRODUCT = YES;
			};
			name = Release;
		};
		F74ACC391D88726600529570 /* Debug */ = {
			isa = XCBuildConfiguration;
			buildSettings = {
				ASSETCATALOG_COMPILER_APPICON_NAME = AppIcon;
				CLANG_ENABLE_MODULES = YES;
				DEVELOPMENT_TEAM = 6EFGV8H972;
				INFOPLIST_FILE = Homepwner/Info.plist;
				LD_RUNPATH_SEARCH_PATHS = "$(inherited) @executable_path/Frameworks";
				PRODUCT_BUNDLE_IDENTIFIER = com.greybeard.Homepwner;
				PRODUCT_NAME = "$(TARGET_NAME)";
				SWIFT_OBJC_BRIDGING_HEADER = "Homepwner-Bridging-Header.h";
				SWIFT_OPTIMIZATION_LEVEL = "-Onone";
				SWIFT_VERSION = 3.0;
			};
			name = Debug;
		};
		F74ACC3A1D88726600529570 /* Release */ = {
			isa = XCBuildConfiguration;
			buildSettings = {
				ASSETCATALOG_COMPILER_APPICON_NAME = AppIcon;
				CLANG_ENABLE_MODULES = YES;
				DEVELOPMENT_TEAM = 6EFGV8H972;
				INFOPLIST_FILE = Homepwner/Info.plist;
				LD_RUNPATH_SEARCH_PATHS = "$(inherited) @executable_path/Frameworks";
				PRODUCT_BUNDLE_IDENTIFIER = com.greybeard.Homepwner;
				PRODUCT_NAME = "$(TARGET_NAME)";
				SWIFT_OBJC_BRIDGING_HEADER = "Homepwner-Bridging-Header.h";
				SWIFT_VERSION = 3.0;
			};
			name = Release;
		};
/* End XCBuildConfiguration section */

/* Begin XCConfigurationList section */
		F74ACC1C1D88726600529570 /* Build configuration list for PBXProject "Homepwner" */ = {
			isa = XCConfigurationList;
			buildConfigurations = (
				F74ACC361D88726600529570 /* Debug */,
				F74ACC371D88726600529570 /* Release */,
			);
			defaultConfigurationIsVisible = 0;
			defaultConfigurationName = Release;
		};
		F74ACC381D88726600529570 /* Build configuration list for PBXNativeTarget "Homepwner" */ = {
			isa = XCConfigurationList;
			buildConfigurations = (
				F74ACC391D88726600529570 /* Debug */,
				F74ACC3A1D88726600529570 /* Release */,
			);
			defaultConfigurationIsVisible = 0;
		};
/* End XCConfigurationList section */
	};
	rootObject = F74ACC191D88726600529570 /* Project object */;
}
